// !$*UTF8*$!
{
	archiveVersion = 1;
	classes = {
	};
	objectVersion = 46;
	objects = {

/* Begin PBXBuildFile section */
		1DDC41A3BCC696B56AB401EF /* libPods-Uncle Bun.a in Frameworks */ = {isa = PBXBuildFile; fileRef = E34A13F96985A1CE28593B88 /* libPods-Uncle Bun.a */; };
		218DCEB788FEAE95185E0BDF /* libPods-Uncle BunUITests.a in Frameworks */ = {isa = PBXBuildFile; fileRef = E56906BD50E6A1143EC99C3D /* libPods-Uncle BunUITests.a */; };
		3ADEB667225F8FA7ED6DA474 /* libPods-Uncle BunTests.a in Frameworks */ = {isa = PBXBuildFile; fileRef = DF9DB1C231BD716292DCDB60 /* libPods-Uncle BunTests.a */; };
		ED0AAB6A1D2BF55E00B4C40D /* MessageUI.framework in Frameworks */ = {isa = PBXBuildFile; fileRef = ED0AAB691D2BF55E00B4C40D /* MessageUI.framework */; };
		ED0AAB6C1D2BFE1700B4C40D /* RemoteConfigDefaults.plist in Resources */ = {isa = PBXBuildFile; fileRef = ED0AAB6B1D2BFE1700B4C40D /* RemoteConfigDefaults.plist */; };
		ED413FF91D279FF000D50AE0 /* GoogleService-Info.plist in Resources */ = {isa = PBXBuildFile; fileRef = ED413FF81D279FF000D50AE0 /* GoogleService-Info.plist */; };
		ED413FFC1D27A06900D50AE0 /* ThirdViewController.m in Sources */ = {isa = PBXBuildFile; fileRef = ED413FFB1D27A06900D50AE0 /* ThirdViewController.m */; };
		ED4140001D27A17900D50AE0 /* FBSDKCoreKit.framework in Frameworks */ = {isa = PBXBuildFile; fileRef = ED413FFD1D27A17900D50AE0 /* FBSDKCoreKit.framework */; };
		ED4140011D27A17900D50AE0 /* FBSDKLoginKit.framework in Frameworks */ = {isa = PBXBuildFile; fileRef = ED413FFE1D27A17900D50AE0 /* FBSDKLoginKit.framework */; };
		ED4140021D27A17900D50AE0 /* FBSDKShareKit.framework in Frameworks */ = {isa = PBXBuildFile; fileRef = ED413FFF1D27A17900D50AE0 /* FBSDKShareKit.framework */; };
		ED4140051D27A42800D50AE0 /* UBTabBarController.m in Sources */ = {isa = PBXBuildFile; fileRef = ED4140041D27A42800D50AE0 /* UBTabBarController.m */; };
		ED4140081D27A4A000D50AE0 /* UBSignInViewController.m in Sources */ = {isa = PBXBuildFile; fileRef = ED4140071D27A4A000D50AE0 /* UBSignInViewController.m */; };
		ED41400A1D27F1DF00D50AE0 /* IMG_0101.mp4 in Resources */ = {isa = PBXBuildFile; fileRef = ED4140091D27F1DF00D50AE0 /* IMG_0101.mp4 */; };
		ED519CE41D2987BD00B375B3 /* UBConstants.m in Sources */ = {isa = PBXBuildFile; fileRef = ED519CE31D2987BD00B375B3 /* UBConstants.m */; };
		ED96AC641D26F425009F167B /* main.m in Sources */ = {isa = PBXBuildFile; fileRef = ED96AC631D26F425009F167B /* main.m */; };
		ED96AC671D26F425009F167B /* AppDelegate.m in Sources */ = {isa = PBXBuildFile; fileRef = ED96AC661D26F425009F167B /* AppDelegate.m */; };
		ED96AC6A1D26F425009F167B /* FirstViewController.m in Sources */ = {isa = PBXBuildFile; fileRef = ED96AC691D26F425009F167B /* FirstViewController.m */; };
		ED96AC6D1D26F425009F167B /* SecondViewController.m in Sources */ = {isa = PBXBuildFile; fileRef = ED96AC6C1D26F425009F167B /* SecondViewController.m */; };
		ED96AC701D26F425009F167B /* Main.storyboard in Resources */ = {isa = PBXBuildFile; fileRef = ED96AC6E1D26F425009F167B /* Main.storyboard */; };
		ED96AC721D26F425009F167B /* Assets.xcassets in Resources */ = {isa = PBXBuildFile; fileRef = ED96AC711D26F425009F167B /* Assets.xcassets */; };
		ED96AC751D26F425009F167B /* LaunchScreen.storyboard in Resources */ = {isa = PBXBuildFile; fileRef = ED96AC731D26F425009F167B /* LaunchScreen.storyboard */; };
		ED96AC801D26F425009F167B /* Uncle_BunTests.m in Sources */ = {isa = PBXBuildFile; fileRef = ED96AC7F1D26F425009F167B /* Uncle_BunTests.m */; };
		ED96AC8B1D26F425009F167B /* Uncle_BunUITests.m in Sources */ = {isa = PBXBuildFile; fileRef = ED96AC8A1D26F425009F167B /* Uncle_BunUITests.m */; };
		ED96AC9A1D270895009F167B /* UBColor.m in Sources */ = {isa = PBXBuildFile; fileRef = ED96AC991D270895009F167B /* UBColor.m */; };
/* End PBXBuildFile section */

/* Begin PBXContainerItemProxy section */
		ED96AC7C1D26F425009F167B /* PBXContainerItemProxy */ = {
			isa = PBXContainerItemProxy;
			containerPortal = ED96AC571D26F425009F167B /* Project object */;
			proxyType = 1;
			remoteGlobalIDString = ED96AC5E1D26F425009F167B;
			remoteInfo = "Uncle Bun";
		};
		ED96AC871D26F425009F167B /* PBXContainerItemProxy */ = {
			isa = PBXContainerItemProxy;
			containerPortal = ED96AC571D26F425009F167B /* Project object */;
			proxyType = 1;
			remoteGlobalIDString = ED96AC5E1D26F425009F167B;
			remoteInfo = "Uncle Bun";
		};
/* End PBXContainerItemProxy section */

/* Begin PBXFileReference section */
		4475A26521DBDE49C317D6B2 /* Pods-Uncle BunUITests.release.xcconfig */ = {isa = PBXFileReference; includeInIndex = 1; lastKnownFileType = text.xcconfig; name = "Pods-Uncle BunUITests.release.xcconfig"; path = "Pods/Target Support Files/Pods-Uncle BunUITests/Pods-Uncle BunUITests.release.xcconfig"; sourceTree = "<group>"; };
		5F32A381B6ADF23AB9CC377B /* Pods-Uncle BunTests.debug.xcconfig */ = {isa = PBXFileReference; includeInIndex = 1; lastKnownFileType = text.xcconfig; name = "Pods-Uncle BunTests.debug.xcconfig"; path = "Pods/Target Support Files/Pods-Uncle BunTests/Pods-Uncle BunTests.debug.xcconfig"; sourceTree = "<group>"; };
		D703FFF0F95195C2ED25CA1B /* Pods-Uncle Bun.debug.xcconfig */ = {isa = PBXFileReference; includeInIndex = 1; lastKnownFileType = text.xcconfig; name = "Pods-Uncle Bun.debug.xcconfig"; path = "Pods/Target Support Files/Pods-Uncle Bun/Pods-Uncle Bun.debug.xcconfig"; sourceTree = "<group>"; };
		DF9DB1C231BD716292DCDB60 /* libPods-Uncle BunTests.a */ = {isa = PBXFileReference; explicitFileType = archive.ar; includeInIndex = 0; path = "libPods-Uncle BunTests.a"; sourceTree = BUILT_PRODUCTS_DIR; };
		E0FE1DA0E9DECE206EA3EA09 /* Pods-Uncle BunTests.release.xcconfig */ = {isa = PBXFileReference; includeInIndex = 1; lastKnownFileType = text.xcconfig; name = "Pods-Uncle BunTests.release.xcconfig"; path = "Pods/Target Support Files/Pods-Uncle BunTests/Pods-Uncle BunTests.release.xcconfig"; sourceTree = "<group>"; };
		E34A13F96985A1CE28593B88 /* libPods-Uncle Bun.a */ = {isa = PBXFileReference; explicitFileType = archive.ar; includeInIndex = 0; path = "libPods-Uncle Bun.a"; sourceTree = BUILT_PRODUCTS_DIR; };
		E3CF153E755D2D4F3449C0F7 /* Pods-Uncle Bun.release.xcconfig */ = {isa = PBXFileReference; includeInIndex = 1; lastKnownFileType = text.xcconfig; name = "Pods-Uncle Bun.release.xcconfig"; path = "Pods/Target Support Files/Pods-Uncle Bun/Pods-Uncle Bun.release.xcconfig"; sourceTree = "<group>"; };
		E4D6B573CC35A0664C435CCE /* Pods-Uncle BunUITests.debug.xcconfig */ = {isa = PBXFileReference; includeInIndex = 1; lastKnownFileType = text.xcconfig; name = "Pods-Uncle BunUITests.debug.xcconfig"; path = "Pods/Target Support Files/Pods-Uncle BunUITests/Pods-Uncle BunUITests.debug.xcconfig"; sourceTree = "<group>"; };
		E56906BD50E6A1143EC99C3D /* libPods-Uncle BunUITests.a */ = {isa = PBXFileReference; explicitFileType = archive.ar; includeInIndex = 0; path = "libPods-Uncle BunUITests.a"; sourceTree = BUILT_PRODUCTS_DIR; };
		ED0AAB691D2BF55E00B4C40D /* MessageUI.framework */ = {isa = PBXFileReference; lastKnownFileType = wrapper.framework; name = MessageUI.framework; path = System/Library/Frameworks/MessageUI.framework; sourceTree = SDKROOT; };
		ED0AAB6B1D2BFE1700B4C40D /* RemoteConfigDefaults.plist */ = {isa = PBXFileReference; fileEncoding = 4; lastKnownFileType = text.plist.xml; path = RemoteConfigDefaults.plist; sourceTree = "<group>"; };
		ED413FF81D279FF000D50AE0 /* GoogleService-Info.plist */ = {isa = PBXFileReference; fileEncoding = 4; lastKnownFileType = text.plist.xml; path = "GoogleService-Info.plist"; sourceTree = "<group>"; };
		ED413FFA1D27A06900D50AE0 /* ThirdViewController.h */ = {isa = PBXFileReference; fileEncoding = 4; lastKnownFileType = sourcecode.c.h; path = ThirdViewController.h; sourceTree = "<group>"; };
		ED413FFB1D27A06900D50AE0 /* ThirdViewController.m */ = {isa = PBXFileReference; fileEncoding = 4; lastKnownFileType = sourcecode.c.objc; path = ThirdViewController.m; sourceTree = "<group>"; };
		ED413FFD1D27A17900D50AE0 /* FBSDKCoreKit.framework */ = {isa = PBXFileReference; lastKnownFileType = wrapper.framework; path = FBSDKCoreKit.framework; sourceTree = "<group>"; };
		ED413FFE1D27A17900D50AE0 /* FBSDKLoginKit.framework */ = {isa = PBXFileReference; lastKnownFileType = wrapper.framework; path = FBSDKLoginKit.framework; sourceTree = "<group>"; };
		ED413FFF1D27A17900D50AE0 /* FBSDKShareKit.framework */ = {isa = PBXFileReference; lastKnownFileType = wrapper.framework; path = FBSDKShareKit.framework; sourceTree = "<group>"; };
		ED4140031D27A42800D50AE0 /* UBTabBarController.h */ = {isa = PBXFileReference; fileEncoding = 4; lastKnownFileType = sourcecode.c.h; path = UBTabBarController.h; sourceTree = "<group>"; };
		ED4140041D27A42800D50AE0 /* UBTabBarController.m */ = {isa = PBXFileReference; fileEncoding = 4; lastKnownFileType = sourcecode.c.objc; path = UBTabBarController.m; sourceTree = "<group>"; };
		ED4140061D27A4A000D50AE0 /* UBSignInViewController.h */ = {isa = PBXFileReference; fileEncoding = 4; lastKnownFileType = sourcecode.c.h; path = UBSignInViewController.h; sourceTree = "<group>"; };
		ED4140071D27A4A000D50AE0 /* UBSignInViewController.m */ = {isa = PBXFileReference; fileEncoding = 4; lastKnownFileType = sourcecode.c.objc; path = UBSignInViewController.m; sourceTree = "<group>"; };
		ED4140091D27F1DF00D50AE0 /* IMG_0101.mp4 */ = {isa = PBXFileReference; lastKnownFileType = file; path = IMG_0101.mp4; sourceTree = "<group>"; };
		ED519CE21D2987BD00B375B3 /* UBConstants.h */ = {isa = PBXFileReference; fileEncoding = 4; lastKnownFileType = sourcecode.c.h; path = UBConstants.h; sourceTree = "<group>"; };
		ED519CE31D2987BD00B375B3 /* UBConstants.m */ = {isa = PBXFileReference; fileEncoding = 4; lastKnownFileType = sourcecode.c.objc; path = UBConstants.m; sourceTree = "<group>"; };
		ED96AC5F1D26F425009F167B /* Uncle Bun.app */ = {isa = PBXFileReference; explicitFileType = wrapper.application; includeInIndex = 0; path = "Uncle Bun.app"; sourceTree = BUILT_PRODUCTS_DIR; };
		ED96AC631D26F425009F167B /* main.m */ = {isa = PBXFileReference; lastKnownFileType = sourcecode.c.objc; path = main.m; sourceTree = "<group>"; };
		ED96AC651D26F425009F167B /* AppDelegate.h */ = {isa = PBXFileReference; lastKnownFileType = sourcecode.c.h; path = AppDelegate.h; sourceTree = "<group>"; };
		ED96AC661D26F425009F167B /* AppDelegate.m */ = {isa = PBXFileReference; lastKnownFileType = sourcecode.c.objc; path = AppDelegate.m; sourceTree = "<group>"; };
		ED96AC681D26F425009F167B /* FirstViewController.h */ = {isa = PBXFileReference; lastKnownFileType = sourcecode.c.h; path = FirstViewController.h; sourceTree = "<group>"; };
		ED96AC691D26F425009F167B /* FirstViewController.m */ = {isa = PBXFileReference; lastKnownFileType = sourcecode.c.objc; path = FirstViewController.m; sourceTree = "<group>"; };
		ED96AC6B1D26F425009F167B /* SecondViewController.h */ = {isa = PBXFileReference; lastKnownFileType = sourcecode.c.h; path = SecondViewController.h; sourceTree = "<group>"; };
		ED96AC6C1D26F425009F167B /* SecondViewController.m */ = {isa = PBXFileReference; lastKnownFileType = sourcecode.c.objc; path = SecondViewController.m; sourceTree = "<group>"; };
		ED96AC6F1D26F425009F167B /* Base */ = {isa = PBXFileReference; lastKnownFileType = file.storyboard; name = Base; path = Base.lproj/Main.storyboard; sourceTree = "<group>"; };
		ED96AC711D26F425009F167B /* Assets.xcassets */ = {isa = PBXFileReference; lastKnownFileType = folder.assetcatalog; path = Assets.xcassets; sourceTree = "<group>"; };
		ED96AC741D26F425009F167B /* Base */ = {isa = PBXFileReference; lastKnownFileType = file.storyboard; name = Base; path = Base.lproj/LaunchScreen.storyboard; sourceTree = "<group>"; };
		ED96AC761D26F425009F167B /* Info.plist */ = {isa = PBXFileReference; lastKnownFileType = text.plist.xml; path = Info.plist; sourceTree = "<group>"; };
		ED96AC7B1D26F425009F167B /* Uncle BunTests.xctest */ = {isa = PBXFileReference; explicitFileType = wrapper.cfbundle; includeInIndex = 0; path = "Uncle BunTests.xctest"; sourceTree = BUILT_PRODUCTS_DIR; };
		ED96AC7F1D26F425009F167B /* Uncle_BunTests.m */ = {isa = PBXFileReference; lastKnownFileType = sourcecode.c.objc; path = Uncle_BunTests.m; sourceTree = "<group>"; };
		ED96AC811D26F425009F167B /* Info.plist */ = {isa = PBXFileReference; lastKnownFileType = text.plist.xml; path = Info.plist; sourceTree = "<group>"; };
		ED96AC861D26F425009F167B /* Uncle BunUITests.xctest */ = {isa = PBXFileReference; explicitFileType = wrapper.cfbundle; includeInIndex = 0; path = "Uncle BunUITests.xctest"; sourceTree = BUILT_PRODUCTS_DIR; };
		ED96AC8A1D26F425009F167B /* Uncle_BunUITests.m */ = {isa = PBXFileReference; lastKnownFileType = sourcecode.c.objc; path = Uncle_BunUITests.m; sourceTree = "<group>"; };
		ED96AC8C1D26F425009F167B /* Info.plist */ = {isa = PBXFileReference; lastKnownFileType = text.plist.xml; path = Info.plist; sourceTree = "<group>"; };
		ED96AC981D270895009F167B /* UBColor.h */ = {isa = PBXFileReference; fileEncoding = 4; lastKnownFileType = sourcecode.c.h; path = UBColor.h; sourceTree = "<group>"; };
		ED96AC991D270895009F167B /* UBColor.m */ = {isa = PBXFileReference; fileEncoding = 4; lastKnownFileType = sourcecode.c.objc; path = UBColor.m; sourceTree = "<group>"; };
/* End PBXFileReference section */

/* Begin PBXFrameworksBuildPhase section */
		ED96AC5C1D26F425009F167B /* Frameworks */ = {
			isa = PBXFrameworksBuildPhase;
			buildActionMask = 2147483647;
			files = (
				ED0AAB6A1D2BF55E00B4C40D /* MessageUI.framework in Frameworks */,
				ED4140021D27A17900D50AE0 /* FBSDKShareKit.framework in Frameworks */,
				1DDC41A3BCC696B56AB401EF /* libPods-Uncle Bun.a in Frameworks */,
				ED4140001D27A17900D50AE0 /* FBSDKCoreKit.framework in Frameworks */,
				ED4140011D27A17900D50AE0 /* FBSDKLoginKit.framework in Frameworks */,
			);
			runOnlyForDeploymentPostprocessing = 0;
		};
		ED96AC781D26F425009F167B /* Frameworks */ = {
			isa = PBXFrameworksBuildPhase;
			buildActionMask = 2147483647;
			files = (
				3ADEB667225F8FA7ED6DA474 /* libPods-Uncle BunTests.a in Frameworks */,
			);
			runOnlyForDeploymentPostprocessing = 0;
		};
		ED96AC831D26F425009F167B /* Frameworks */ = {
			isa = PBXFrameworksBuildPhase;
			buildActionMask = 2147483647;
			files = (
				218DCEB788FEAE95185E0BDF /* libPods-Uncle BunUITests.a in Frameworks */,
			);
			runOnlyForDeploymentPostprocessing = 0;
		};
/* End PBXFrameworksBuildPhase section */

/* Begin PBXGroup section */
		0D5F066734D03E6E466676E9 /* Frameworks */ = {
			isa = PBXGroup;
			children = (
				ED0AAB691D2BF55E00B4C40D /* MessageUI.framework */,
				ED413FFD1D27A17900D50AE0 /* FBSDKCoreKit.framework */,
				ED413FFE1D27A17900D50AE0 /* FBSDKLoginKit.framework */,
				ED413FFF1D27A17900D50AE0 /* FBSDKShareKit.framework */,
				E34A13F96985A1CE28593B88 /* libPods-Uncle Bun.a */,
				DF9DB1C231BD716292DCDB60 /* libPods-Uncle BunTests.a */,
				E56906BD50E6A1143EC99C3D /* libPods-Uncle BunUITests.a */,
			);
			name = Frameworks;
			sourceTree = "<group>";
		};
		46023081008DD39AD7B500F7 /* Pods */ = {
			isa = PBXGroup;
			children = (
				D703FFF0F95195C2ED25CA1B /* Pods-Uncle Bun.debug.xcconfig */,
				E3CF153E755D2D4F3449C0F7 /* Pods-Uncle Bun.release.xcconfig */,
				5F32A381B6ADF23AB9CC377B /* Pods-Uncle BunTests.debug.xcconfig */,
				E0FE1DA0E9DECE206EA3EA09 /* Pods-Uncle BunTests.release.xcconfig */,
				E4D6B573CC35A0664C435CCE /* Pods-Uncle BunUITests.debug.xcconfig */,
				4475A26521DBDE49C317D6B2 /* Pods-Uncle BunUITests.release.xcconfig */,
			);
			name = Pods;
			sourceTree = "<group>";
		};
		ED96AC561D26F425009F167B = {
			isa = PBXGroup;
			children = (
				ED96AC611D26F425009F167B /* Uncle Bun */,
				ED96AC7E1D26F425009F167B /* Uncle BunTests */,
				ED96AC891D26F425009F167B /* Uncle BunUITests */,
				ED96AC601D26F425009F167B /* Products */,
				46023081008DD39AD7B500F7 /* Pods */,
				0D5F066734D03E6E466676E9 /* Frameworks */,
			);
			sourceTree = "<group>";
		};
		ED96AC601D26F425009F167B /* Products */ = {
			isa = PBXGroup;
			children = (
				ED96AC5F1D26F425009F167B /* Uncle Bun.app */,
				ED96AC7B1D26F425009F167B /* Uncle BunTests.xctest */,
				ED96AC861D26F425009F167B /* Uncle BunUITests.xctest */,
			);
			name = Products;
			sourceTree = "<group>";
		};
		ED96AC611D26F425009F167B /* Uncle Bun */ = {
			isa = PBXGroup;
			children = (
				ED96AC651D26F425009F167B /* AppDelegate.h */,
				ED96AC661D26F425009F167B /* AppDelegate.m */,
				ED96AC681D26F425009F167B /* FirstViewController.h */,
				ED96AC691D26F425009F167B /* FirstViewController.m */,
				ED96AC6B1D26F425009F167B /* SecondViewController.h */,
				ED96AC6C1D26F425009F167B /* SecondViewController.m */,
				ED413FFA1D27A06900D50AE0 /* ThirdViewController.h */,
				ED413FFB1D27A06900D50AE0 /* ThirdViewController.m */,
				ED4140031D27A42800D50AE0 /* UBTabBarController.h */,
				ED4140041D27A42800D50AE0 /* UBTabBarController.m */,
				ED4140061D27A4A000D50AE0 /* UBSignInViewController.h */,
				ED4140071D27A4A000D50AE0 /* UBSignInViewController.m */,
				ED96AC6E1D26F425009F167B /* Main.storyboard */,
				ED96AC711D26F425009F167B /* Assets.xcassets */,
				ED96AC731D26F425009F167B /* LaunchScreen.storyboard */,
				ED96AC761D26F425009F167B /* Info.plist */,
				ED413FF81D279FF000D50AE0 /* GoogleService-Info.plist */,
				ED0AAB6B1D2BFE1700B4C40D /* RemoteConfigDefaults.plist */,
				ED4140091D27F1DF00D50AE0 /* IMG_0101.mp4 */,
				ED96AC621D26F425009F167B /* Supporting Files */,
				ED96AC981D270895009F167B /* UBColor.h */,
				ED96AC991D270895009F167B /* UBColor.m */,
				ED519CE21D2987BD00B375B3 /* UBConstants.h */,
				ED519CE31D2987BD00B375B3 /* UBConstants.m */,
			);
			path = "Uncle Bun";
			sourceTree = "<group>";
		};
		ED96AC621D26F425009F167B /* Supporting Files */ = {
			isa = PBXGroup;
			children = (
				ED96AC631D26F425009F167B /* main.m */,
			);
			name = "Supporting Files";
			sourceTree = "<group>";
		};
		ED96AC7E1D26F425009F167B /* Uncle BunTests */ = {
			isa = PBXGroup;
			children = (
				ED96AC7F1D26F425009F167B /* Uncle_BunTests.m */,
				ED96AC811D26F425009F167B /* Info.plist */,
			);
			path = "Uncle BunTests";
			sourceTree = "<group>";
		};
		ED96AC891D26F425009F167B /* Uncle BunUITests */ = {
			isa = PBXGroup;
			children = (
				ED96AC8A1D26F425009F167B /* Uncle_BunUITests.m */,
				ED96AC8C1D26F425009F167B /* Info.plist */,
			);
			path = "Uncle BunUITests";
			sourceTree = "<group>";
		};
/* End PBXGroup section */

/* Begin PBXNativeTarget section */
		ED96AC5E1D26F425009F167B /* Uncle Bun */ = {
			isa = PBXNativeTarget;
			buildConfigurationList = ED96AC8F1D26F425009F167B /* Build configuration list for PBXNativeTarget "Uncle Bun" */;
			buildPhases = (
				56AC9ACED137897A36215738 /* [CP] Check Pods Manifest.lock */,
				ED96AC5B1D26F425009F167B /* Sources */,
				ED96AC5C1D26F425009F167B /* Frameworks */,
				ED96AC5D1D26F425009F167B /* Resources */,
				B7BCC8871708358BB01C269E /* [CP] Embed Pods Frameworks */,
				C73FD06837B809F4BE23CDA5 /* [CP] Copy Pods Resources */,
				ED0AAB6F1D2C1D5B00B4C40D /* ShellScript */,
			);
			buildRules = (
			);
			dependencies = (
			);
			name = "Uncle Bun";
			productName = "Uncle Bun";
			productReference = ED96AC5F1D26F425009F167B /* Uncle Bun.app */;
			productType = "com.apple.product-type.application";
		};
		ED96AC7A1D26F425009F167B /* Uncle BunTests */ = {
			isa = PBXNativeTarget;
			buildConfigurationList = ED96AC921D26F425009F167B /* Build configuration list for PBXNativeTarget "Uncle BunTests" */;
			buildPhases = (
				A0795B4513BAD5EBD0B07310 /* [CP] Check Pods Manifest.lock */,
				ED96AC771D26F425009F167B /* Sources */,
				ED96AC781D26F425009F167B /* Frameworks */,
				ED96AC791D26F425009F167B /* Resources */,
				049995970F9BBA126A4EA880 /* [CP] Embed Pods Frameworks */,
				BF60373297CD3125B05858C4 /* [CP] Copy Pods Resources */,
			);
			buildRules = (
			);
			dependencies = (
				ED96AC7D1D26F425009F167B /* PBXTargetDependency */,
			);
			name = "Uncle BunTests";
			productName = "Uncle BunTests";
			productReference = ED96AC7B1D26F425009F167B /* Uncle BunTests.xctest */;
			productType = "com.apple.product-type.bundle.unit-test";
		};
		ED96AC851D26F425009F167B /* Uncle BunUITests */ = {
			isa = PBXNativeTarget;
			buildConfigurationList = ED96AC951D26F425009F167B /* Build configuration list for PBXNativeTarget "Uncle BunUITests" */;
			buildPhases = (
				B41EA7FA47AF69BCF481C844 /* [CP] Check Pods Manifest.lock */,
				ED96AC821D26F425009F167B /* Sources */,
				ED96AC831D26F425009F167B /* Frameworks */,
				ED96AC841D26F425009F167B /* Resources */,
				24DE6416C910739C88E3CA43 /* [CP] Copy Pods Resources */,
			);
			buildRules = (
			);
			dependencies = (
				ED96AC881D26F425009F167B /* PBXTargetDependency */,
			);
			name = "Uncle BunUITests";
			productName = "Uncle BunUITests";
			productReference = ED96AC861D26F425009F167B /* Uncle BunUITests.xctest */;
			productType = "com.apple.product-type.bundle.ui-testing";
		};
/* End PBXNativeTarget section */

/* Begin PBXProject section */
		ED96AC571D26F425009F167B /* Project object */ = {
			isa = PBXProject;
			attributes = {
				CLASSPREFIX = UB;
				LastUpgradeCheck = 0730;
				ORGANIZATIONNAME = "Abbin Varghese";
				TargetAttributes = {
					ED96AC5E1D26F425009F167B = {
						CreatedOnToolsVersion = 7.3;
					};
					ED96AC7A1D26F425009F167B = {
						CreatedOnToolsVersion = 7.3;
						TestTargetID = ED96AC5E1D26F425009F167B;
					};
					ED96AC851D26F425009F167B = {
						CreatedOnToolsVersion = 7.3;
						TestTargetID = ED96AC5E1D26F425009F167B;
					};
				};
			};
			buildConfigurationList = ED96AC5A1D26F425009F167B /* Build configuration list for PBXProject "Uncle Bun" */;
			compatibilityVersion = "Xcode 3.2";
			developmentRegion = English;
			hasScannedForEncodings = 0;
			knownRegions = (
				en,
				Base,
			);
			mainGroup = ED96AC561D26F425009F167B;
			productRefGroup = ED96AC601D26F425009F167B /* Products */;
			projectDirPath = "";
			projectRoot = "";
			targets = (
				ED96AC5E1D26F425009F167B /* Uncle Bun */,
				ED96AC7A1D26F425009F167B /* Uncle BunTests */,
				ED96AC851D26F425009F167B /* Uncle BunUITests */,
			);
		};
/* End PBXProject section */

/* Begin PBXResourcesBuildPhase section */
		ED96AC5D1D26F425009F167B /* Resources */ = {
			isa = PBXResourcesBuildPhase;
			buildActionMask = 2147483647;
			files = (
				ED0AAB6C1D2BFE1700B4C40D /* RemoteConfigDefaults.plist in Resources */,
				ED96AC751D26F425009F167B /* LaunchScreen.storyboard in Resources */,
				ED413FF91D279FF000D50AE0 /* GoogleService-Info.plist in Resources */,
				ED96AC721D26F425009F167B /* Assets.xcassets in Resources */,
				ED41400A1D27F1DF00D50AE0 /* IMG_0101.mp4 in Resources */,
				ED96AC701D26F425009F167B /* Main.storyboard in Resources */,
			);
			runOnlyForDeploymentPostprocessing = 0;
		};
		ED96AC791D26F425009F167B /* Resources */ = {
			isa = PBXResourcesBuildPhase;
			buildActionMask = 2147483647;
			files = (
			);
			runOnlyForDeploymentPostprocessing = 0;
		};
		ED96AC841D26F425009F167B /* Resources */ = {
			isa = PBXResourcesBuildPhase;
			buildActionMask = 2147483647;
			files = (
			);
			runOnlyForDeploymentPostprocessing = 0;
		};
/* End PBXResourcesBuildPhase section */

/* Begin PBXShellScriptBuildPhase section */
		049995970F9BBA126A4EA880 /* [CP] Embed Pods Frameworks */ = {
			isa = PBXShellScriptBuildPhase;
			buildActionMask = 2147483647;
			files = (
			);
			inputPaths = (
			);
			name = "[CP] Embed Pods Frameworks";
			outputPaths = (
			);
			runOnlyForDeploymentPostprocessing = 0;
			shellPath = /bin/sh;
			shellScript = "\"${SRCROOT}/Pods/Target Support Files/Pods-Uncle BunTests/Pods-Uncle BunTests-frameworks.sh\"\n";
			showEnvVarsInLog = 0;
		};
		24DE6416C910739C88E3CA43 /* [CP] Copy Pods Resources */ = {
			isa = PBXShellScriptBuildPhase;
			buildActionMask = 2147483647;
			files = (
			);
			inputPaths = (
			);
			name = "[CP] Copy Pods Resources";
			outputPaths = (
			);
			runOnlyForDeploymentPostprocessing = 0;
			shellPath = /bin/sh;
			shellScript = "\"${SRCROOT}/Pods/Target Support Files/Pods-Uncle BunUITests/Pods-Uncle BunUITests-resources.sh\"\n";
			showEnvVarsInLog = 0;
		};
		56AC9ACED137897A36215738 /* [CP] Check Pods Manifest.lock */ = {
			isa = PBXShellScriptBuildPhase;
			buildActionMask = 2147483647;
			files = (
			);
			inputPaths = (
			);
			name = "[CP] Check Pods Manifest.lock";
			outputPaths = (
			);
			runOnlyForDeploymentPostprocessing = 0;
			shellPath = /bin/sh;
			shellScript = "diff \"${PODS_ROOT}/../Podfile.lock\" \"${PODS_ROOT}/Manifest.lock\" > /dev/null\nif [[ $? != 0 ]] ; then\n    cat << EOM\nerror: The sandbox is not in sync with the Podfile.lock. Run 'pod install' or update your CocoaPods installation.\nEOM\n    exit 1\nfi\n";
			showEnvVarsInLog = 0;
		};
		A0795B4513BAD5EBD0B07310 /* [CP] Check Pods Manifest.lock */ = {
			isa = PBXShellScriptBuildPhase;
			buildActionMask = 2147483647;
			files = (
			);
			inputPaths = (
			);
			name = "[CP] Check Pods Manifest.lock";
			outputPaths = (
			);
			runOnlyForDeploymentPostprocessing = 0;
			shellPath = /bin/sh;
			shellScript = "diff \"${PODS_ROOT}/../Podfile.lock\" \"${PODS_ROOT}/Manifest.lock\" > /dev/null\nif [[ $? != 0 ]] ; then\n    cat << EOM\nerror: The sandbox is not in sync with the Podfile.lock. Run 'pod install' or update your CocoaPods installation.\nEOM\n    exit 1\nfi\n";
			showEnvVarsInLog = 0;
		};
		B41EA7FA47AF69BCF481C844 /* [CP] Check Pods Manifest.lock */ = {
			isa = PBXShellScriptBuildPhase;
			buildActionMask = 2147483647;
			files = (
			);
			inputPaths = (
			);
			name = "[CP] Check Pods Manifest.lock";
			outputPaths = (
			);
			runOnlyForDeploymentPostprocessing = 0;
			shellPath = /bin/sh;
			shellScript = "diff \"${PODS_ROOT}/../Podfile.lock\" \"${PODS_ROOT}/Manifest.lock\" > /dev/null\nif [[ $? != 0 ]] ; then\n    cat << EOM\nerror: The sandbox is not in sync with the Podfile.lock. Run 'pod install' or update your CocoaPods installation.\nEOM\n    exit 1\nfi\n";
			showEnvVarsInLog = 0;
		};
		B7BCC8871708358BB01C269E /* [CP] Embed Pods Frameworks */ = {
			isa = PBXShellScriptBuildPhase;
			buildActionMask = 2147483647;
			files = (
			);
			inputPaths = (
			);
			name = "[CP] Embed Pods Frameworks";
			outputPaths = (
			);
			runOnlyForDeploymentPostprocessing = 0;
			shellPath = /bin/sh;
			shellScript = "\"${SRCROOT}/Pods/Target Support Files/Pods-Uncle Bun/Pods-Uncle Bun-frameworks.sh\"\n";
			showEnvVarsInLog = 0;
		};
		BF60373297CD3125B05858C4 /* [CP] Copy Pods Resources */ = {
			isa = PBXShellScriptBuildPhase;
			buildActionMask = 2147483647;
			files = (
			);
			inputPaths = (
			);
			name = "[CP] Copy Pods Resources";
			outputPaths = (
			);
			runOnlyForDeploymentPostprocessing = 0;
			shellPath = /bin/sh;
			shellScript = "\"${SRCROOT}/Pods/Target Support Files/Pods-Uncle BunTests/Pods-Uncle BunTests-resources.sh\"\n";
			showEnvVarsInLog = 0;
		};
		C73FD06837B809F4BE23CDA5 /* [CP] Copy Pods Resources */ = {
			isa = PBXShellScriptBuildPhase;
			buildActionMask = 2147483647;
			files = (
			);
			inputPaths = (
			);
			name = "[CP] Copy Pods Resources";
			outputPaths = (
			);
			runOnlyForDeploymentPostprocessing = 0;
			shellPath = /bin/sh;
			shellScript = "\"${SRCROOT}/Pods/Target Support Files/Pods-Uncle Bun/Pods-Uncle Bun-resources.sh\"\n";
			showEnvVarsInLog = 0;
		};
		ED0AAB6F1D2C1D5B00B4C40D /* ShellScript */ = {
			isa = PBXShellScriptBuildPhase;
			buildActionMask = 8;
			files = (
			);
			inputPaths = (
			);
			outputPaths = (
			);
			runOnlyForDeploymentPostprocessing = 1;
			shellPath = /bin/sh;
			shellScript = "\n# Replace this path with the path to the key you just downloaded\nJSON_FILE=/Users/abbinvarghese/Desktop/PaadamProjects/UncleBun/UncleBun-dec094c74107.json\n\n# Replace this with the GOOGLE_APP_ID from your GoogleService-Info.plist file\nGOOGLE_APP_ID=1:877168109937:ios:e3cb54bbd55af0fe\n\ndefaults write com.google.SymbolUpload version -integer 1   # creates file if it does not exist\nJSON=$(cat \"${JSON_FILE}\")\n/usr/bin/plutil -replace \"app_${GOOGLE_APP_ID//:/_}\" -json \"${JSON}\" \"$HOME/Library/Preferences/com.google.SymbolUpload.plist\"\n\"${PODS_ROOT}\"/FirebaseCrash/upload-sym";
		};
/* End PBXShellScriptBuildPhase section */

/* Begin PBXSourcesBuildPhase section */
		ED96AC5B1D26F425009F167B /* Sources */ = {
			isa = PBXSourcesBuildPhase;
			buildActionMask = 2147483647;
			files = (
				ED96AC6D1D26F425009F167B /* SecondViewController.m in Sources */,
				ED4140081D27A4A000D50AE0 /* UBSignInViewController.m in Sources */,
				ED96AC671D26F425009F167B /* AppDelegate.m in Sources */,
				ED413FFC1D27A06900D50AE0 /* ThirdViewController.m in Sources */,
				ED519CE41D2987BD00B375B3 /* UBConstants.m in Sources */,
				ED96AC6A1D26F425009F167B /* FirstViewController.m in Sources */,
				ED96AC9A1D270895009F167B /* UBColor.m in Sources */,
				ED96AC641D26F425009F167B /* main.m in Sources */,
				ED4140051D27A42800D50AE0 /* UBTabBarController.m in Sources */,
			);
			runOnlyForDeploymentPostprocessing = 0;
		};
		ED96AC771D26F425009F167B /* Sources */ = {
			isa = PBXSourcesBuildPhase;
			buildActionMask = 2147483647;
			files = (
				ED96AC801D26F425009F167B /* Uncle_BunTests.m in Sources */,
			);
			runOnlyForDeploymentPostprocessing = 0;
		};
		ED96AC821D26F425009F167B /* Sources */ = {
			isa = PBXSourcesBuildPhase;
			buildActionMask = 2147483647;
			files = (
				ED96AC8B1D26F425009F167B /* Uncle_BunUITests.m in Sources */,
			);
			runOnlyForDeploymentPostprocessing = 0;
		};
/* End PBXSourcesBuildPhase section */

/* Begin PBXTargetDependency section */
		ED96AC7D1D26F425009F167B /* PBXTargetDependency */ = {
			isa = PBXTargetDependency;
			target = ED96AC5E1D26F425009F167B /* Uncle Bun */;
			targetProxy = ED96AC7C1D26F425009F167B /* PBXContainerItemProxy */;
		};
		ED96AC881D26F425009F167B /* PBXTargetDependency */ = {
			isa = PBXTargetDependency;
			target = ED96AC5E1D26F425009F167B /* Uncle Bun */;
			targetProxy = ED96AC871D26F425009F167B /* PBXContainerItemProxy */;
		};
/* End PBXTargetDependency section */

/* Begin PBXVariantGroup section */
		ED96AC6E1D26F425009F167B /* Main.storyboard */ = {
			isa = PBXVariantGroup;
			children = (
				ED96AC6F1D26F425009F167B /* Base */,
			);
			name = Main.storyboard;
			sourceTree = "<group>";
		};
		ED96AC731D26F425009F167B /* LaunchScreen.storyboard */ = {
			isa = PBXVariantGroup;
			children = (
				ED96AC741D26F425009F167B /* Base */,
			);
			name = LaunchScreen.storyboard;
			sourceTree = "<group>";
		};
/* End PBXVariantGroup section */

/* Begin XCBuildConfiguration section */
		ED96AC8D1D26F425009F167B /* Debug */ = {
			isa = XCBuildConfiguration;
			buildSettings = {
				ALWAYS_SEARCH_USER_PATHS = NO;
				CLANG_ANALYZER_NONNULL = YES;
				CLANG_CXX_LANGUAGE_STANDARD = "gnu++0x";
				CLANG_CXX_LIBRARY = "libc++";
				CLANG_ENABLE_MODULES = YES;
				CLANG_ENABLE_OBJC_ARC = YES;
				CLANG_WARN_BOOL_CONVERSION = YES;
				CLANG_WARN_CONSTANT_CONVERSION = YES;
				CLANG_WARN_DIRECT_OBJC_ISA_USAGE = YES_ERROR;
				CLANG_WARN_EMPTY_BODY = YES;
				CLANG_WARN_ENUM_CONVERSION = YES;
				CLANG_WARN_INT_CONVERSION = YES;
				CLANG_WARN_OBJC_ROOT_CLASS = YES_ERROR;
				CLANG_WARN_UNREACHABLE_CODE = YES;
				CLANG_WARN__DUPLICATE_METHOD_MATCH = YES;
				"CODE_SIGN_IDENTITY[sdk=iphoneos*]" = "iPhone Developer";
				COPY_PHASE_STRIP = NO;
				DEBUG_INFORMATION_FORMAT = dwarf;
				ENABLE_STRICT_OBJC_MSGSEND = YES;
				ENABLE_TESTABILITY = YES;
				GCC_C_LANGUAGE_STANDARD = gnu99;
				GCC_DYNAMIC_NO_PIC = NO;
				GCC_NO_COMMON_BLOCKS = YES;
				GCC_OPTIMIZATION_LEVEL = 0;
				GCC_PREPROCESSOR_DEFINITIONS = (
					"DEBUG=1",
					"$(inherited)",
				);
				GCC_WARN_64_TO_32_BIT_CONVERSION = YES;
				GCC_WARN_ABOUT_RETURN_TYPE = YES_ERROR;
				GCC_WARN_UNDECLARED_SELECTOR = YES;
				GCC_WARN_UNINITIALIZED_AUTOS = YES_AGGRESSIVE;
				GCC_WARN_UNUSED_FUNCTION = YES;
				GCC_WARN_UNUSED_VARIABLE = YES;
				IPHONEOS_DEPLOYMENT_TARGET = 9.3;
				MTL_ENABLE_DEBUG_INFO = YES;
				ONLY_ACTIVE_ARCH = YES;
				SDKROOT = iphoneos;
			};
			name = Debug;
		};
		ED96AC8E1D26F425009F167B /* Release */ = {
			isa = XCBuildConfiguration;
			buildSettings = {
				ALWAYS_SEARCH_USER_PATHS = NO;
				CLANG_ANALYZER_NONNULL = YES;
				CLANG_CXX_LANGUAGE_STANDARD = "gnu++0x";
				CLANG_CXX_LIBRARY = "libc++";
				CLANG_ENABLE_MODULES = YES;
				CLANG_ENABLE_OBJC_ARC = YES;
				CLANG_WARN_BOOL_CONVERSION = YES;
				CLANG_WARN_CONSTANT_CONVERSION = YES;
				CLANG_WARN_DIRECT_OBJC_ISA_USAGE = YES_ERROR;
				CLANG_WARN_EMPTY_BODY = YES;
				CLANG_WARN_ENUM_CONVERSION = YES;
				CLANG_WARN_INT_CONVERSION = YES;
				CLANG_WARN_OBJC_ROOT_CLASS = YES_ERROR;
				CLANG_WARN_UNREACHABLE_CODE = YES;
				CLANG_WARN__DUPLICATE_METHOD_MATCH = YES;
				"CODE_SIGN_IDENTITY[sdk=iphoneos*]" = "iPhone Developer";
				COPY_PHASE_STRIP = NO;
				DEBUG_INFORMATION_FORMAT = "dwarf-with-dsym";
				ENABLE_NS_ASSERTIONS = NO;
				ENABLE_STRICT_OBJC_MSGSEND = YES;
				GCC_C_LANGUAGE_STANDARD = gnu99;
				GCC_NO_COMMON_BLOCKS = YES;
				GCC_WARN_64_TO_32_BIT_CONVERSION = YES;
				GCC_WARN_ABOUT_RETURN_TYPE = YES_ERROR;
				GCC_WARN_UNDECLARED_SELECTOR = YES;
				GCC_WARN_UNINITIALIZED_AUTOS = YES_AGGRESSIVE;
				GCC_WARN_UNUSED_FUNCTION = YES;
				GCC_WARN_UNUSED_VARIABLE = YES;
				IPHONEOS_DEPLOYMENT_TARGET = 9.3;
				MTL_ENABLE_DEBUG_INFO = NO;
				SDKROOT = iphoneos;
				VALIDATE_PRODUCT = YES;
			};
			name = Release;
		};
		ED96AC901D26F425009F167B /* Debug */ = {
			isa = XCBuildConfiguration;
			baseConfigurationReference = D703FFF0F95195C2ED25CA1B /* Pods-Uncle Bun.debug.xcconfig */;
			buildSettings = {
				ASSETCATALOG_COMPILER_APPICON_NAME = AppIcon;
				FRAMEWORK_SEARCH_PATHS = (
					"$(inherited)",
					"$(PROJECT_DIR)",
				);
				INFOPLIST_FILE = "Uncle Bun/Info.plist";
				IPHONEOS_DEPLOYMENT_TARGET = 9.0;
				LD_RUNPATH_SEARCH_PATHS = "$(inherited) @executable_path/Frameworks";
				PRODUCT_BUNDLE_IDENTIFIER = "ThePaadamCompany.Uncle-Bun";
				PRODUCT_NAME = "$(TARGET_NAME)";
			};
			name = Debug;
		};
		ED96AC911D26F425009F167B /* Release */ = {
			isa = XCBuildConfiguration;
			baseConfigurationReference = E3CF153E755D2D4F3449C0F7 /* Pods-Uncle Bun.release.xcconfig */;
			buildSettings = {
				ASSETCATALOG_COMPILER_APPICON_NAME = AppIcon;
				FRAMEWORK_SEARCH_PATHS = (
					"$(inherited)",
					"$(PROJECT_DIR)",
				);
				INFOPLIST_FILE = "Uncle Bun/Info.plist";
				IPHONEOS_DEPLOYMENT_TARGET = 9.0;
				LD_RUNPATH_SEARCH_PATHS = "$(inherited) @executable_path/Frameworks";
				PRODUCT_BUNDLE_IDENTIFIER = "ThePaadamCompany.Uncle-Bun";
				PRODUCT_NAME = "$(TARGET_NAME)";
			};
			name = Release;
		};
		ED96AC931D26F425009F167B /* Debug */ = {
			isa = XCBuildConfiguration;
			baseConfigurationReference = 5F32A381B6ADF23AB9CC377B /* Pods-Uncle BunTests.debug.xcconfig */;
			buildSettings = {
				BUNDLE_LOADER = "$(TEST_HOST)";
				INFOPLIST_FILE = "Uncle BunTests/Info.plist";
				LD_RUNPATH_SEARCH_PATHS = "$(inherited) @executable_path/Frameworks @loader_path/Frameworks";
				PRODUCT_BUNDLE_IDENTIFIER = "ThePaadamCompany.Uncle-BunTests";
				PRODUCT_NAME = "$(TARGET_NAME)";
				TEST_HOST = "$(BUILT_PRODUCTS_DIR)/Uncle Bun.app/Uncle Bun";
			};
			name = Debug;
		};
		ED96AC941D26F425009F167B /* Release */ = {
			isa = XCBuildConfiguration;
			baseConfigurationReference = E0FE1DA0E9DECE206EA3EA09 /* Pods-Uncle BunTests.release.xcconfig */;
			buildSettings = {
				BUNDLE_LOADER = "$(TEST_HOST)";
				INFOPLIST_FILE = "Uncle BunTests/Info.plist";
				LD_RUNPATH_SEARCH_PATHS = "$(inherited) @executable_path/Frameworks @loader_path/Frameworks";
				PRODUCT_BUNDLE_IDENTIFIER = "ThePaadamCompany.Uncle-BunTests";
				PRODUCT_NAME = "$(TARGET_NAME)";
				TEST_HOST = "$(BUILT_PRODUCTS_DIR)/Uncle Bun.app/Uncle Bun";
			};
			name = Release;
		};
		ED96AC961D26F425009F167B /* Debug */ = {
			isa = XCBuildConfiguration;
			baseConfigurationReference = E4D6B573CC35A0664C435CCE /* Pods-Uncle BunUITests.debug.xcconfig */;
			buildSettings = {
				INFOPLIST_FILE = "Uncle BunUITests/Info.plist";
				LD_RUNPATH_SEARCH_PATHS = "$(inherited) @executable_path/Frameworks @loader_path/Frameworks";
				PRODUCT_BUNDLE_IDENTIFIER = "ThePaadamCompany.Uncle-BunUITests";
				PRODUCT_NAME = "$(TARGET_NAME)";
				TEST_TARGET_NAME = "Uncle Bun";
			};
			name = Debug;
		};
		ED96AC971D26F425009F167B /* Release */ = {
			isa = XCBuildConfiguration;
			baseConfigurationReference = 4475A26521DBDE49C317D6B2 /* Pods-Uncle BunUITests.release.xcconfig */;
			buildSettings = {
				INFOPLIST_FILE = "Uncle BunUITests/Info.plist";
				LD_RUNPATH_SEARCH_PATHS = "$(inherited) @executable_path/Frameworks @loader_path/Frameworks";
				PRODUCT_BUNDLE_IDENTIFIER = "ThePaadamCompany.Uncle-BunUITests";
				PRODUCT_NAME = "$(TARGET_NAME)";
				TEST_TARGET_NAME = "Uncle Bun";
			};
			name = Release;
		};
/* End XCBuildConfiguration section */

/* Begin XCConfigurationList section */
		ED96AC5A1D26F425009F167B /* Build configuration list for PBXProject "Uncle Bun" */ = {
			isa = XCConfigurationList;
			buildConfigurations = (
				ED96AC8D1D26F425009F167B /* Debug */,
				ED96AC8E1D26F425009F167B /* Release */,
			);
			defaultConfigurationIsVisible = 0;
			defaultConfigurationName = Release;
		};
		ED96AC8F1D26F425009F167B /* Build configuration list for PBXNativeTarget "Uncle Bun" */ = {
			isa = XCConfigurationList;
			buildConfigurations = (
				ED96AC901D26F425009F167B /* Debug */,
				ED96AC911D26F425009F167B /* Release */,
			);
			defaultConfigurationIsVisible = 0;
			defaultConfigurationName = Release;
		};
		ED96AC921D26F425009F167B /* Build configuration list for PBXNativeTarget "Uncle BunTests" */ = {
			isa = XCConfigurationList;
			buildConfigurations = (
				ED96AC931D26F425009F167B /* Debug */,
				ED96AC941D26F425009F167B /* Release */,
			);
			defaultConfigurationIsVisible = 0;
			defaultConfigurationName = Release;
		};
		ED96AC951D26F425009F167B /* Build configuration list for PBXNativeTarget "Uncle BunUITests" */ = {
			isa = XCConfigurationList;
			buildConfigurations = (
				ED96AC961D26F425009F167B /* Debug */,
				ED96AC971D26F425009F167B /* Release */,
			);
			defaultConfigurationIsVisible = 0;
			defaultConfigurationName = Release;
		};
/* End XCConfigurationList section */
	};
	rootObject = ED96AC571D26F425009F167B /* Project object */;
}
